
Microsoft Visual Studio Solution File, Format Version 12.00
# Visual Studio Version 16
VisualStudioVersion = 16.0.29001.49
MinimumVisualStudioVersion = 10.0.40219.1
Project("{FAE04EC0-301F-11D3-BF4B-00C04F79EFBC}") = "Listas", "Listas\Listas.csproj", "{E779486D-C120-4C5C-A065-D7FA083A878E}"
EndProject
Global
	GlobalSection(SolutionConfigurationPlatforms) = preSolution
		Debug|Any CPU = Debug|Any CPU
		Release|Any CPU = Release|Any CPU
	EndGlobalSection
	GlobalSection(ProjectConfigurationPlatforms) = postSolution
		{E779486D-C120-4C5C-A065-D7FA083A878E}.Debug|Any CPU.ActiveCfg = Debug|Any CPU
		{E779486D-C120-4C5C-A065-D7FA083A878E}.Debug|Any CPU.Build.0 = Debug|Any CPU
		{E779486D-C120-4C5C-A065-D7FA083A878E}.Release|Any CPU.ActiveCfg = Release|Any CPU
		{E779486D-C120-4C5C-A065-D7FA083A878E}.Release|Any CPU.Build.0 = Release|Any CPU
	EndGlobalSection
	GlobalSection(SolutionProperties) = preSolution
		HideSolutionNode = FALSE
	EndGlobalSection
	GlobalSection(ExtensibilityGlobals) = postSolution
		SolutionGuid = {96762194-1842-4336-9A09-2929C9F83C77}
	EndGlobalSection
EndGlobal
